
Microsoft Visual Studio Solution File, Format Version 12.00
# Visual Studio 15
Project("{FAE04EC0-301F-11D3-BF4B-00C04F79EFBC}") = "Assembly-CSharp", "Assembly-CSharp.csproj", "{C92E68F9-4FC4-5162-79E9-E0953057106D}"
EndProject
Project("{FAE04EC0-301F-11D3-BF4B-00C04F79EFBC}") = "Oculus.VR", "Oculus.VR.csproj", "{D97BA93B-B881-95AB-11BF-15DE0BF39257}"
EndProject
Project("{FAE04EC0-301F-11D3-BF4B-00C04F79EFBC}") = "Assembly-CSharp-Editor", "Assembly-CSharp-Editor.csproj", "{706BCA48-19D4-3B0E-400E-9B5A2BBD36C7}"
EndProject
Project("{FAE04EC0-301F-11D3-BF4B-00C04F79EFBC}") = "Oculus.VR.Scripts.Editor", "Oculus.VR.Scripts.Editor.csproj", "{ED0688BC-DFC5-863C-72A9-461EB39303AE}"
EndProject
Project("{FAE04EC0-301F-11D3-BF4B-00C04F79EFBC}") = "Oculus.VR.Editor", "Oculus.VR.Editor.csproj", "{A4C7CE4A-3DD0-1EF5-1FFA-0D199FCD0973}"
EndProject
Global
	GlobalSection(SolutionConfigurationPlatforms) = preSolution
		Debug|Any CPU = Debug|Any CPU
		Release|Any CPU = Release|Any CPU
	EndGlobalSection
	GlobalSection(ProjectConfigurationPlatforms) = postSolution
		{C92E68F9-4FC4-5162-79E9-E0953057106D}.Debug|Any CPU.ActiveCfg = Debug|Any CPU
		{C92E68F9-4FC4-5162-79E9-E0953057106D}.Debug|Any CPU.Build.0 = Debug|Any CPU
		{C92E68F9-4FC4-5162-79E9-E0953057106D}.Release|Any CPU.ActiveCfg = Release|Any CPU
		{C92E68F9-4FC4-5162-79E9-E0953057106D}.Release|Any CPU.Build.0 = Release|Any CPU
		{D97BA93B-B881-95AB-11BF-15DE0BF39257}.Debug|Any CPU.ActiveCfg = Debug|Any CPU
		{D97BA93B-B881-95AB-11BF-15DE0BF39257}.Debug|Any CPU.Build.0 = Debug|Any CPU
		{D97BA93B-B881-95AB-11BF-15DE0BF39257}.Release|Any CPU.ActiveCfg = Release|Any CPU
		{D97BA93B-B881-95AB-11BF-15DE0BF39257}.Release|Any CPU.Build.0 = Release|Any CPU
		{706BCA48-19D4-3B0E-400E-9B5A2BBD36C7}.Debug|Any CPU.ActiveCfg = Debug|Any CPU
		{706BCA48-19D4-3B0E-400E-9B5A2BBD36C7}.Debug|Any CPU.Build.0 = Debug|Any CPU
		{706BCA48-19D4-3B0E-400E-9B5A2BBD36C7}.Release|Any CPU.ActiveCfg = Release|Any CPU
		{706BCA48-19D4-3B0E-400E-9B5A2BBD36C7}.Release|Any CPU.Build.0 = Release|Any CPU
		{ED0688BC-DFC5-863C-72A9-461EB39303AE}.Debug|Any CPU.ActiveCfg = Debug|Any CPU
		{ED0688BC-DFC5-863C-72A9-461EB39303AE}.Debug|Any CPU.Build.0 = Debug|Any CPU
		{ED0688BC-DFC5-863C-72A9-461EB39303AE}.Release|Any CPU.ActiveCfg = Release|Any CPU
		{ED0688BC-DFC5-863C-72A9-461EB39303AE}.Release|Any CPU.Build.0 = Release|Any CPU
		{A4C7CE4A-3DD0-1EF5-1FFA-0D199FCD0973}.Debug|Any CPU.ActiveCfg = Debug|Any CPU
		{A4C7CE4A-3DD0-1EF5-1FFA-0D199FCD0973}.Debug|Any CPU.Build.0 = Debug|Any CPU
		{A4C7CE4A-3DD0-1EF5-1FFA-0D199FCD0973}.Release|Any CPU.ActiveCfg = Release|Any CPU
		{A4C7CE4A-3DD0-1EF5-1FFA-0D199FCD0973}.Release|Any CPU.Build.0 = Release|Any CPU
	EndGlobalSection
	GlobalSection(SolutionProperties) = preSolution
		HideSolutionNode = FALSE
	EndGlobalSection
EndGlobal
